
Microsoft Visual Studio Solution File, Format Version 12.00
# Visual Studio Version 16
VisualStudioVersion = 16.0.31702.278
MinimumVisualStudioVersion = 10.0.40219.1
Project("{FAE04EC0-301F-11D3-BF4B-00C04F79EFBC}") = "finaltest", "finaltest\finaltest.csproj", "{35678D4B-CA62-4CB3-A2E2-C11D33103133}"
EndProject
Global
	GlobalSection(SolutionConfigurationPlatforms) = preSolution
		Debug|Any CPU = Debug|Any CPU
		Release|Any CPU = Release|Any CPU
	EndGlobalSection
	GlobalSection(ProjectConfigurationPlatforms) = postSolution
		{35678D4B-CA62-4CB3-A2E2-C11D33103133}.Debug|Any CPU.ActiveCfg = Debug|Any CPU
		{35678D4B-CA62-4CB3-A2E2-C11D33103133}.Debug|Any CPU.Build.0 = Debug|Any CPU
		{35678D4B-CA62-4CB3-A2E2-C11D33103133}.Release|Any CPU.ActiveCfg = Release|Any CPU
		{35678D4B-CA62-4CB3-A2E2-C11D33103133}.Release|Any CPU.Build.0 = Release|Any CPU
	EndGlobalSection
	GlobalSection(SolutionProperties) = preSolution
		HideSolutionNode = FALSE
	EndGlobalSection
	GlobalSection(ExtensibilityGlobals) = postSolution
		SolutionGuid = {ADF44E6F-55C3-49D3-8DB4-ABCBDAB07020}
	EndGlobalSection
EndGlobal
